<?xml version="1.0" encoding="utf-8"?>
<Project ToolsVersion="4.0" xmlns="http://schemas.microsoft.com/developer/msbuild/2003">
  <ItemGroup>
    <ClCompile Include="src\main.cpp" />
    <ClCompile Include="imgui\imgui.cpp">
      <Filter>imgui</Filter>
    </ClCompile>
    <ClCompile Include="imgui\imgui_demo.cpp">
      <Filter>imgui</Filter>
    </ClCompile>
    <ClCompile Include="imgui\imgui_draw.cpp">
      <Filter>imgui</Filter>
    </ClCompile>
    <ClCompile Include="imgui\imgui_impl_glfw.cpp">
      <Filter>imgui</Filter>
    </ClCompile>
    <ClCompile Include="imgui\imgui_impl_opengl3.cpp">
      <Filter>imgui</Filter>
    </ClCompile>
    <ClCompile Include="imgui\imgui_widgets.cpp">
      <Filter>imgui</Filter>
    </ClCompile>
    <ClCompile Include="tinyfiledialogs\tinyfiledialogs.c">
      <Filter>tinyfiledialogs</Filter>
    </ClCompile>
  </ItemGroup>
  <ItemGroup>
    <ClInclude Include="src\image_manip.hpp" />
    <ClInclude Include="src\includes.hpp" />
    <ClInclude Include="src\algos\dijkstra.hpp">
      <Filter>algos</Filter>
    </ClInclude>
    <ClInclude Include="imgui\imconfig.h">
      <Filter>imgui</Filter>
    </ClInclude>
    <ClInclude Include="imgui\imgui.h">
      <Filter>imgui</Filter>
    </ClInclude>
    <ClInclude Include="imgui\imgui_impl_glfw.h">
      <Filter>imgui</Filter>
    </ClInclude>
    <ClInclude Include="imgui\imgui_impl_opengl3.h">
      <Filter>imgui</Filter>
    </ClInclude>
    <ClInclude Include="imgui\imgui_internal.h">
      <Filter>imgui</Filter>
    </ClInclude>
    <ClInclude Include="imgui\imstb_rectpack.h">
      <Filter>imgui</Filter>
    </ClInclude>
    <ClInclude Include="imgui\imstb_textedit.h">
      <Filter>imgui</Filter>
    </ClInclude>
    <ClInclude Include="imgui\imstb_truetype.h">
      <Filter>imgui</Filter>
    </ClInclude>
    <ClInclude Include="stb\stb_image.h">
      <Filter>stb</Filter>
    </ClInclude>
    <ClInclude Include="stb\stb_image_write.h">
      <Filter>stb</Filter>
    </ClInclude>
    <ClInclude Include="tinyfiledialogs\tinyfiledialogs.h">
      <Filter>tinyfiledialogs</Filter>
    </ClInclude>
    <ClInclude Include="src\algos\a_star.hpp">
      <Filter>algos</Filter>
    </ClInclude>
    <ClInclude Include="src\algos\breadth_first.hpp">
      <Filter>algos</Filter>
    </ClInclude>
    <ClInclude Include="src\algos\depth_first.hpp">
      <Filter>algos</Filter>
    </ClInclude>
  </ItemGroup>
  <ItemGroup>
    <Filter Include="algos">
      <UniqueIdentifier>{b4b1c177-de4a-476f-b682-a0a1ba1776ad}</UniqueIdentifier>
    </Filter>
    <Filter Include="imgui">
      <UniqueIdentifier>{fb346331-23c1-496b-a882-9093da8a8cf8}</UniqueIdentifier>
    </Filter>
    <Filter Include="stb">
      <UniqueIdentifier>{8b41a78e-957f-4959-8d77-56077a12dd5b}</UniqueIdentifier>
    </Filter>
    <Filter Include="tinyfiledialogs">
      <UniqueIdentifier>{64eb11ca-f8f7-418d-8b1e-8ee98d97a5fe}</UniqueIdentifier>
    </Filter>
  </ItemGroup>
</Project>